
Microsoft Visual Studio Solution File, Format Version 12.00
# Visual Studio Version 17
VisualStudioVersion = 17.9.34728.123
MinimumVisualStudioVersion = 10.0.40219.1
Project("{F184B08F-C81C-45F6-A57F-5ABD9991F28F}") = "Utilities_NetCore", "Utilities_NetCore\Utilities_NetCore.vbproj", "{15524CCC-9E7F-41A3-85FA-B2A48CDF21CF}"
EndProject
Global
	GlobalSection(SolutionConfigurationPlatforms) = preSolution
		Debug|Any CPU = Debug|Any CPU
		Release|Any CPU = Release|Any CPU
	EndGlobalSection
	GlobalSection(ProjectConfigurationPlatforms) = postSolution
		{15524CCC-9E7F-41A3-85FA-B2A48CDF21CF}.Debug|Any CPU.ActiveCfg = Debug|Any CPU
		{15524CCC-9E7F-41A3-85FA-B2A48CDF21CF}.Debug|Any CPU.Build.0 = Debug|Any CPU
		{15524CCC-9E7F-41A3-85FA-B2A48CDF21CF}.Release|Any CPU.ActiveCfg = Release|Any CPU
		{15524CCC-9E7F-41A3-85FA-B2A48CDF21CF}.Release|Any CPU.Build.0 = Release|Any CPU
	EndGlobalSection
	GlobalSection(SolutionProperties) = preSolution
		HideSolutionNode = FALSE
	EndGlobalSection
	GlobalSection(ExtensibilityGlobals) = postSolution
		SolutionGuid = {416180AD-6DB1-4A33-9404-D4B41D3507B9}
	EndGlobalSection
EndGlobal
